// !$*UTF8*$!
{
	archiveVersion = 1;
	classes = {
	};
	objectVersion = 46;
	objects = {

/* Begin PBXBuildFile section */
		F226F9FB1FA0D806009F5C93 /* TableView.swift in Sources */ = {isa = PBXBuildFile; fileRef = F226F9FA1FA0D806009F5C93 /* TableView.swift */; };
		F226F9FD1FA0D837009F5C93 /* TableViewCell.swift in Sources */ = {isa = PBXBuildFile; fileRef = F226F9FC1FA0D837009F5C93 /* TableViewCell.swift */; };
		F23734FD1FA0924D005C4456 /* AppDelegate.swift in Sources */ = {isa = PBXBuildFile; fileRef = F23734FC1FA0924D005C4456 /* AppDelegate.swift */; };
		F23734FF1FA0924D005C4456 /* ViewController.swift in Sources */ = {isa = PBXBuildFile; fileRef = F23734FE1FA0924D005C4456 /* ViewController.swift */; };
		F23735021FA0924D005C4456 /* Main.storyboard in Resources */ = {isa = PBXBuildFile; fileRef = F23735001FA0924D005C4456 /* Main.storyboard */; };
		F23735041FA0924D005C4456 /* Assets.xcassets in Resources */ = {isa = PBXBuildFile; fileRef = F23735031FA0924D005C4456 /* Assets.xcassets */; };
		F23735071FA0924D005C4456 /* LaunchScreen.storyboard in Resources */ = {isa = PBXBuildFile; fileRef = F23735051FA0924D005C4456 /* LaunchScreen.storyboard */; };
		F237350F1FA09294005C4456 /* TableViewController.swift in Sources */ = {isa = PBXBuildFile; fileRef = F237350E1FA09294005C4456 /* TableViewController.swift */; };
/* End PBXBuildFile section */

/* Begin PBXFileReference section */
		F226F9FA1FA0D806009F5C93 /* TableView.swift */ = {isa = PBXFileReference; fileEncoding = 4; lastKnownFileType = sourcecode.swift; path = TableView.swift; sourceTree = "<group>"; };
		F226F9FC1FA0D837009F5C93 /* TableViewCell.swift */ = {isa = PBXFileReference; fileEncoding = 4; lastKnownFileType = sourcecode.swift; path = TableViewCell.swift; sourceTree = "<group>"; };
		F23734F91FA0924D005C4456 /* TableView.app */ = {isa = PBXFileReference; explicitFileType = wrapper.application; includeInIndex = 0; path = TableView.app; sourceTree = BUILT_PRODUCTS_DIR; };
		F23734FC1FA0924D005C4456 /* AppDelegate.swift */ = {isa = PBXFileReference; lastKnownFileType = sourcecode.swift; path = AppDelegate.swift; sourceTree = "<group>"; };
		F23734FE1FA0924D005C4456 /* ViewController.swift */ = {isa = PBXFileReference; lastKnownFileType = sourcecode.swift; path = ViewController.swift; sourceTree = "<group>"; };
		F23735011FA0924D005C4456 /* Base */ = {isa = PBXFileReference; lastKnownFileType = file.storyboard; name = Base; path = Base.lproj/Main.storyboard; sourceTree = "<group>"; };
		F23735031FA0924D005C4456 /* Assets.xcassets */ = {isa = PBXFileReference; lastKnownFileType = folder.assetcatalog; path = Assets.xcassets; sourceTree = "<group>"; };
		F23735061FA0924D005C4456 /* Base */ = {isa = PBXFileReference; lastKnownFileType = file.storyboard; name = Base; path = Base.lproj/LaunchScreen.storyboard; sourceTree = "<group>"; };
		F23735081FA0924D005C4456 /* Info.plist */ = {isa = PBXFileReference; lastKnownFileType = text.plist.xml; path = Info.plist; sourceTree = "<group>"; };
		F237350E1FA09294005C4456 /* TableViewController.swift */ = {isa = PBXFileReference; fileEncoding = 4; lastKnownFileType = sourcecode.swift; path = TableViewController.swift; sourceTree = "<group>"; };
/* End PBXFileReference section */

/* Begin PBXFrameworksBuildPhase section */
		F23734F61FA0924D005C4456 /* Frameworks */ = {
			isa = PBXFrameworksBuildPhase;
			buildActionMask = 2147483647;
			files = (
			);
			runOnlyForDeploymentPostprocessing = 0;
		};
/* End PBXFrameworksBuildPhase section */

/* Begin PBXGroup section */
		F23734F01FA0924D005C4456 = {
			isa = PBXGroup;
			children = (
				F23734FB1FA0924D005C4456 /* TableView */,
				F23734FA1FA0924D005C4456 /* Products */,
			);
			sourceTree = "<group>";
		};
		F23734FA1FA0924D005C4456 /* Products */ = {
			isa = PBXGroup;
			children = (
				F23734F91FA0924D005C4456 /* TableView.app */,
			);
			name = Products;
			sourceTree = "<group>";
		};
		F23734FB1FA0924D005C4456 /* TableView */ = {
			isa = PBXGroup;
			children = (
				F23734FC1FA0924D005C4456 /* AppDelegate.swift */,
				F23734FE1FA0924D005C4456 /* ViewController.swift */,
				F23735001FA0924D005C4456 /* Main.storyboard */,
				F23735031FA0924D005C4456 /* Assets.xcassets */,
				F23735051FA0924D005C4456 /* LaunchScreen.storyboard */,
				F23735081FA0924D005C4456 /* Info.plist */,
				F237350E1FA09294005C4456 /* TableViewController.swift */,
				F226F9FA1FA0D806009F5C93 /* TableView.swift */,
				F226F9FC1FA0D837009F5C93 /* TableViewCell.swift */,
			);
			path = TableView;
			sourceTree = "<group>";
		};
/* End PBXGroup section */

/* Begin PBXNativeTarget section */
		F23734F81FA0924D005C4456 /* TableView */ = {
			isa = PBXNativeTarget;
			buildConfigurationList = F237350B1FA0924D005C4456 /* Build configuration list for PBXNativeTarget "TableView" */;
			buildPhases = (
				F23734F51FA0924D005C4456 /* Sources */,
				F23734F61FA0924D005C4456 /* Frameworks */,
				F23734F71FA0924D005C4456 /* Resources */,
			);
			buildRules = (
			);
			dependencies = (
			);
			name = TableView;
			productName = TableView;
			productReference = F23734F91FA0924D005C4456 /* TableView.app */;
			productType = "com.apple.product-type.application";
		};
/* End PBXNativeTarget section */

/* Begin PBXProject section */
		F23734F11FA0924D005C4456 /* Project object */ = {
			isa = PBXProject;
			attributes = {
				LastSwiftUpdateCheck = 0830;
				LastUpgradeCheck = 0830;
				ORGANIZATIONNAME = "Kautsya Kanu";
				TargetAttributes = {
					F23734F81FA0924D005C4456 = {
						CreatedOnToolsVersion = 8.3.3;
						DevelopmentTeam = A8UX99CMMW;
						ProvisioningStyle = Automatic;
					};
				};
			};
			buildConfigurationList = F23734F41FA0924D005C4456 /* Build configuration list for PBXProject "TableView" */;
			compatibilityVersion = "Xcode 3.2";
			developmentRegion = English;
			hasScannedForEncodings = 0;
			knownRegions = (
				en,
				Base,
			);
			mainGroup = F23734F01FA0924D005C4456;
			productRefGroup = F23734FA1FA0924D005C4456 /* Products */;
			projectDirPath = "";
			projectRoot = "";
			targets = (
				F23734F81FA0924D005C4456 /* TableView */,
			);
		};
/* End PBXProject section */

/* Begin PBXResourcesBuildPhase section */
		F23734F71FA0924D005C4456 /* Resources */ = {
			isa = PBXResourcesBuildPhase;
			buildActionMask = 2147483647;
			files = (
				F23735071FA0924D005C4456 /* LaunchScreen.storyboard in Resources */,
				F23735041FA0924D005C4456 /* Assets.xcassets in Resources */,
				F23735021FA0924D005C4456 /* Main.storyboard in Resources */,
			);
			runOnlyForDeploymentPostprocessing = 0;
		};
/* End PBXResourcesBuildPhase section */

/* Begin PBXSourcesBuildPhase section */
		F23734F51FA0924D005C4456 /* Sources */ = {
			isa = PBXSourcesBuildPhase;
			buildActionMask = 2147483647;
			files = (
				F226F9FD1FA0D837009F5C93 /* TableViewCell.swift in Sources */,
				F23734FF1FA0924D005C4456 /* ViewController.swift in Sources */,
				F226F9FB1FA0D806009F5C93 /* TableView.swift in Sources */,
				F237350F1FA09294005C4456 /* TableViewController.swift in Sources */,
				F23734FD1FA0924D005C4456 /* AppDelegate.swift in Sources */,
			);
			runOnlyForDeploymentPostprocessing = 0;
		};
/* End PBXSourcesBuildPhase section */

/* Begin PBXVariantGroup section */
		F23735001FA0924D005C4456 /* Main.storyboard */ = {
			isa = PBXVariantGroup;
			children = (
				F23735011FA0924D005C4456 /* Base */,
			);
			name = Main.storyboard;
			sourceTree = "<group>";
		};
		F23735051FA0924D005C4456 /* LaunchScreen.storyboard */ = {
			isa = PBXVariantGroup;
			children = (
				F23735061FA0924D005C4456 /* Base */,
			);
			name = LaunchScreen.storyboard;
			sourceTree = "<group>";
		};
/* End PBXVariantGroup section */

/* Begin XCBuildConfiguration section */
		F23735091FA0924D005C4456 /* Debug */ = {
			isa = XCBuildConfiguration;
			buildSettings = {
				ALWAYS_SEARCH_USER_PATHS = NO;
				CLANG_ANALYZER_NONNULL = YES;
				CLANG_ANALYZER_NUMBER_OBJECT_CONVERSION = YES_AGGRESSIVE;
				CLANG_CXX_LANGUAGE_STANDARD = "gnu++0x";
				CLANG_CXX_LIBRARY = "libc++";
				CLANG_ENABLE_MODULES = YES;
				CLANG_ENABLE_OBJC_ARC = YES;
				CLANG_WARN_BOOL_CONVERSION = YES;
				CLANG_WARN_CONSTANT_CONVERSION = YES;
				CLANG_WARN_DIRECT_OBJC_ISA_USAGE = YES_ERROR;
				CLANG_WARN_DOCUMENTATION_COMMENTS = YES;
				CLANG_WARN_EMPTY_BODY = YES;
				CLANG_WARN_ENUM_CONVERSION = YES;
				CLANG_WARN_INFINITE_RECURSION = YES;
				CLANG_WARN_INT_CONVERSION = YES;
				CLANG_WARN_OBJC_ROOT_CLASS = YES_ERROR;
				CLANG_WARN_SUSPICIOUS_MOVE = YES;
				CLANG_WARN_UNREACHABLE_CODE = YES;
				CLANG_WARN__DUPLICATE_METHOD_MATCH = YES;
				"CODE_SIGN_IDENTITY[sdk=iphoneos*]" = "iPhone Developer";
				COPY_PHASE_STRIP = NO;
				DEBUG_INFORMATION_FORMAT = dwarf;
				ENABLE_STRICT_OBJC_MSGSEND = YES;
				ENABLE_TESTABILITY = YES;
				GCC_C_LANGUAGE_STANDARD = gnu99;
				GCC_DYNAMIC_NO_PIC = NO;
				GCC_NO_COMMON_BLOCKS = YES;
				GCC_OPTIMIZATION_LEVEL = 0;
				GCC_PREPROCESSOR_DEFINITIONS = (
					"DEBUG=1",
					"$(inherited)",
				);
				GCC_WARN_64_TO_32_BIT_CONVERSION = YES;
				GCC_WARN_ABOUT_RETURN_TYPE = YES_ERROR;
				GCC_WARN_UNDECLARED_SELECTOR = YES;
				GCC_WARN_UNINITIALIZED_AUTOS = YES_AGGRESSIVE;
				GCC_WARN_UNUSED_FUNCTION = YES;
				GCC_WARN_UNUSED_VARIABLE = YES;
				IPHONEOS_DEPLOYMENT_TARGET = 10.3;
				MTL_ENABLE_DEBUG_INFO = YES;
				ONLY_ACTIVE_ARCH = YES;
				SDKROOT = iphoneos;
				SWIFT_ACTIVE_COMPILATION_CONDITIONS = DEBUG;
				SWIFT_OPTIMIZATION_LEVEL = "-Onone";
			};
			name = Debug;
		};
		F237350A1FA0924D005C4456 /* Release */ = {
			isa = XCBuildConfiguration;
			buildSettings = {
				ALWAYS_SEARCH_USER_PATHS = NO;
				CLANG_ANALYZER_NONNULL = YES;
				CLANG_ANALYZER_NUMBER_OBJECT_CONVERSION = YES_AGGRESSIVE;
				CLANG_CXX_LANGUAGE_STANDARD = "gnu++0x";
				CLANG_CXX_LIBRARY = "libc++";
				CLANG_ENABLE_MODULES = YES;
				CLANG_ENABLE_OBJC_ARC = YES;
				CLANG_WARN_BOOL_CONVERSION = YES;
				CLANG_WARN_CONSTANT_CONVERSION = YES;
				CLANG_WARN_DIRECT_OBJC_ISA_USAGE = YES_ERROR;
				CLANG_WARN_DOCUMENTATION_COMMENTS = YES;
				CLANG_WARN_EMPTY_BODY = YES;
				CLANG_WARN_ENUM_CONVERSION = YES;
				CLANG_WARN_INFINITE_RECURSION = YES;
				CLANG_WARN_INT_CONVERSION = YES;
				CLANG_WARN_OBJC_ROOT_CLASS = YES_ERROR;
				CLANG_WARN_SUSPICIOUS_MOVE = YES;
				CLANG_WARN_UNREACHABLE_CODE = YES;
				CLANG_WARN__DUPLICATE_METHOD_MATCH = YES;
				"CODE_SIGN_IDENTITY[sdk=iphoneos*]" = "iPhone Developer";
				COPY_PHASE_STRIP = NO;
				DEBUG_INFORMATION_FORMAT = "dwarf-with-dsym";
				ENABLE_NS_ASSERTIONS = NO;
				ENABLE_STRICT_OBJC_MSGSEND = YES;
				GCC_C_LANGUAGE_STANDARD = gnu99;
				GCC_NO_COMMON_BLOCKS = YES;
				GCC_WARN_64_TO_32_BIT_CONVERSION = YES;
				GCC_WARN_ABOUT_RETURN_TYPE = YES_ERROR;
				GCC_WARN_UNDECLARED_SELECTOR = YES;
				GCC_WARN_UNINITIALIZED_AUTOS = YES_AGGRESSIVE;
				GCC_WARN_UNUSED_FUNCTION = YES;
				GCC_WARN_UNUSED_VARIABLE = YES;
				IPHONEOS_DEPLOYMENT_TARGET = 10.3;
				MTL_ENABLE_DEBUG_INFO = NO;
				SDKROOT = iphoneos;
				SWIFT_OPTIMIZATION_LEVEL = "-Owholemodule";
				VALIDATE_PRODUCT = YES;
			};
			name = Release;
		};
		F237350C1FA0924D005C4456 /* Debug */ = {
			isa = XCBuildConfiguration;
			buildSettings = {
				ASSETCATALOG_COMPILER_APPICON_NAME = AppIcon;
				DEVELOPMENT_TEAM = A8UX99CMMW;
				INFOPLIST_FILE = TableView/Info.plist;
				LD_RUNPATH_SEARCH_PATHS = "$(inherited) @executable_path/Frameworks";
				PRODUCT_BUNDLE_IDENTIFIER = com.kautsya.TableView;
				PRODUCT_NAME = "$(TARGET_NAME)";
				SWIFT_VERSION = 3.0;
			};
			name = Debug;
		};
		F237350D1FA0924D005C4456 /* Release */ = {
			isa = XCBuildConfiguration;
			buildSettings = {
				ASSETCATALOG_COMPILER_APPICON_NAME = AppIcon;
				DEVELOPMENT_TEAM = A8UX99CMMW;
				INFOPLIST_FILE = TableView/Info.plist;
				LD_RUNPATH_SEARCH_PATHS = "$(inherited) @executable_path/Frameworks";
				PRODUCT_BUNDLE_IDENTIFIER = com.kautsya.TableView;
				PRODUCT_NAME = "$(TARGET_NAME)";
				SWIFT_VERSION = 3.0;
			};
			name = Release;
		};
/* End XCBuildConfiguration section */

/* Begin XCConfigurationList section */
		F23734F41FA0924D005C4456 /* Build configuration list for PBXProject "TableView" */ = {
			isa = XCConfigurationList;
			buildConfigurations = (
				F23735091FA0924D005C4456 /* Debug */,
				F237350A1FA0924D005C4456 /* Release */,
			);
			defaultConfigurationIsVisible = 0;
			defaultConfigurationName = Release;
		};
		F237350B1FA0924D005C4456 /* Build configuration list for PBXNativeTarget "TableView" */ = {
			isa = XCConfigurationList;
			buildConfigurations = (
				F237350C1FA0924D005C4456 /* Debug */,
				F237350D1FA0924D005C4456 /* Release */,
			);
			defaultConfigurationIsVisible = 0;
			defaultConfigurationName = Release;
		};
/* End XCConfigurationList section */
	};
	rootObject = F23734F11FA0924D005C4456 /* Project object */;
}
